PODS:
  - Alamofire (4.0.0)
  - Kingfisher (3.1.0)

DEPENDENCIES:
  - Alamofire (~> 4.0)
  - Kingfisher (~> 3.0)

SPEC CHECKSUMS:
  Alamofire: fef59f00388f267e52d9b432aa5d93dc97190f14
  Kingfisher: 7779f22e977393e9533a89a9685beb8f679d3767

PODFILE CHECKSUM: 4783cbfa116ef9b8f1428e89369e1fd94655e845

COCOAPODS: 1.0.1
