// !$*UTF8*$!
{
	archiveVersion = 1;
	classes = {
	};
	objectVersion = 46;
	objects = {

/* Begin PBXBuildFile section */
		0C24837F6F744505EAB7C9D3 /* Pods_dantang.framework in Frameworks */ = {isa = PBXBuildFile; fileRef = 802807CD8D981360A8130551 /* Pods_dantang.framework */; };
		6034648E1E9622A2002025AB /* dantangUITests.swift in Sources */ = {isa = PBXBuildFile; fileRef = 6034648D1E9622A2002025AB /* dantangUITests.swift */; };
		603A6C321E8D1370003D8D81 /* DZNEmptyDataSetViewController.m in Sources */ = {isa = PBXBuildFile; fileRef = 603A6C311E8D1370003D8D81 /* DZNEmptyDataSetViewController.m */; };
		603D6A691D9B61BE0034387B /* DantangDetailViewController.swift in Sources */ = {isa = PBXBuildFile; fileRef = 603D6A681D9B61BE0034387B /* DantangDetailViewController.swift */; };
		603D6A6B1D9B63760034387B /* MyWebView.swift in Sources */ = {isa = PBXBuildFile; fileRef = 603D6A6A1D9B63760034387B /* MyWebView.swift */; };
		6041A7F71D868761008ACDCF /* YZMeViewController.swift in Sources */ = {isa = PBXBuildFile; fileRef = 6041A7F61D868761008ACDCF /* YZMeViewController.swift */; };
		6041A7F91D868778008ACDCF /* YZCategoryViewController.swift in Sources */ = {isa = PBXBuildFile; fileRef = 6041A7F81D868778008ACDCF /* YZCategoryViewController.swift */; };
		6041A7FB1D86878C008ACDCF /* YZProductViewController.swift in Sources */ = {isa = PBXBuildFile; fileRef = 6041A7FA1D86878C008ACDCF /* YZProductViewController.swift */; };
		6041A7FD1D8687AA008ACDCF /* YZDanTangViewController.swift in Sources */ = {isa = PBXBuildFile; fileRef = 6041A7FC1D8687AA008ACDCF /* YZDanTangViewController.swift */; };
		6041A7FF1D86895D008ACDCF /* YZNAVViewController.swift in Sources */ = {isa = PBXBuildFile; fileRef = 6041A7FE1D86895D008ACDCF /* YZNAVViewController.swift */; };
		6041A8011D869479008ACDCF /* YZConst.swift in Sources */ = {isa = PBXBuildFile; fileRef = 6041A8001D869479008ACDCF /* YZConst.swift */; };
		604362A51DB85B640012735C /* YZPDetailViewController.swift in Sources */ = {isa = PBXBuildFile; fileRef = 604362A41DB85B640012735C /* YZPDetailViewController.swift */; };
		60486E101E51609400204142 /* SwiftyJSON.framework in Frameworks */ = {isa = PBXBuildFile; fileRef = 60486E0F1E51609400204142 /* SwiftyJSON.framework */; };
		604A36D41D8E3113007B2FF1 /* Homemodel.swift in Sources */ = {isa = PBXBuildFile; fileRef = 604A36D31D8E3113007B2FF1 /* Homemodel.swift */; };
		604E26EA1D7D279800997864 /* AppDelegate.swift in Sources */ = {isa = PBXBuildFile; fileRef = 604E26E91D7D279800997864 /* AppDelegate.swift */; };
		604E26F11D7D279800997864 /* Assets.xcassets in Resources */ = {isa = PBXBuildFile; fileRef = 604E26F01D7D279800997864 /* Assets.xcassets */; };
		604E27001D7D281600997864 /* Default-568h@2x.png in Resources */ = {isa = PBXBuildFile; fileRef = 604E26FD1D7D281600997864 /* Default-568h@2x.png */; };
		604E27011D7D281600997864 /* Default-667h@2x.png in Resources */ = {isa = PBXBuildFile; fileRef = 604E26FE1D7D281600997864 /* Default-667h@2x.png */; };
		604E27021D7D281600997864 /* Default-736h@3x.png in Resources */ = {isa = PBXBuildFile; fileRef = 604E26FF1D7D281600997864 /* Default-736h@3x.png */; };
		604E27991D7D2D5400997864 /* YZTabbarViewController.swift in Sources */ = {isa = PBXBuildFile; fileRef = 604E27981D7D2D5400997864 /* YZTabbarViewController.swift */; };
		60589D911D93778C000C1813 /* Homeinnermodel.swift in Sources */ = {isa = PBXBuildFile; fileRef = 60589D901D93778C000C1813 /* Homeinnermodel.swift */; };
		605ABE4C1DB8A72D00B01A11 /* giftScollview.swift in Sources */ = {isa = PBXBuildFile; fileRef = 605ABE4B1DB8A72D00B01A11 /* giftScollview.swift */; };
		606095BE1E8A0A720015D0F1 /* FSCalendarViewController.m in Sources */ = {isa = PBXBuildFile; fileRef = 606095BD1E8A0A720015D0F1 /* FSCalendarViewController.m */; };
		606095C11E8A0F3C0015D0F1 /* chineseCalendarViewController.m in Sources */ = {isa = PBXBuildFile; fileRef = 606095C01E8A0F3C0015D0F1 /* chineseCalendarViewController.m */; };
		6071E2B91DBEF62500834C73 /* myheadView.swift in Sources */ = {isa = PBXBuildFile; fileRef = 6071E2B81DBEF62500834C73 /* myheadView.swift */; };
		6092BA451D94D48800CC6F38 /* HomeViewCell.swift in Sources */ = {isa = PBXBuildFile; fileRef = 6092BA441D94D48800CC6F38 /* HomeViewCell.swift */; };
		60C736131DB5F8270011DB71 /* giftModel.swift in Sources */ = {isa = PBXBuildFile; fileRef = 60C736121DB5F8270011DB71 /* giftModel.swift */; };
		60C736151DB5F8830011DB71 /* giftInnerModel.swift in Sources */ = {isa = PBXBuildFile; fileRef = 60C736141DB5F8830011DB71 /* giftInnerModel.swift */; };
		60EF62E51DC4D52600E25472 /* pOwView.swift in Sources */ = {isa = PBXBuildFile; fileRef = 60EF62E41DC4D52600E25472 /* pOwView.swift */; };
		60FD56BD1DB74E36002515D8 /* giftTableViewCell.swift in Sources */ = {isa = PBXBuildFile; fileRef = 60FD56BC1DB74E36002515D8 /* giftTableViewCell.swift */; };
		60FD56BF1DB74ED1002515D8 /* giftCellinnerView.swift in Sources */ = {isa = PBXBuildFile; fileRef = 60FD56BE1DB74ED1002515D8 /* giftCellinnerView.swift */; };
/* End PBXBuildFile section */

/* Begin PBXContainerItemProxy section */
		603464901E9622A2002025AB /* PBXContainerItemProxy */ = {
			isa = PBXContainerItemProxy;
			containerPortal = 604E26DE1D7D279800997864 /* Project object */;
			proxyType = 1;
			remoteGlobalIDString = 604E26E51D7D279800997864;
			remoteInfo = dantang;
		};
		603940CB1E9C68BE0089AB46 /* PBXContainerItemProxy */ = {
			isa = PBXContainerItemProxy;
			containerPortal = 603940C71E9C68BE0089AB46 /* SwiftMonkey.xcodeproj */;
			proxyType = 2;
			remoteGlobalIDString = OBJ_16;
			remoteInfo = SwiftMonkey;
		};
/* End PBXContainerItemProxy section */

/* Begin PBXCopyFilesBuildPhase section */
		603464971E9622D4002025AB /* CopyFiles */ = {
			isa = PBXCopyFilesBuildPhase;
			buildActionMask = 2147483647;
			dstPath = "";
			dstSubfolderSpec = 10;
			files = (
			);
			runOnlyForDeploymentPostprocessing = 0;
		};
/* End PBXCopyFilesBuildPhase section */

/* Begin PBXFileReference section */
		0E926326B0EF69E7841E8871 /* Pods-dantang.release.xcconfig */ = {isa = PBXFileReference; includeInIndex = 1; lastKnownFileType = text.xcconfig; name = "Pods-dantang.release.xcconfig"; path = "Pods/Target Support Files/Pods-dantang/Pods-dantang.release.xcconfig"; sourceTree = "<group>"; };
		6034648B1E9622A2002025AB /* dantangUITests.xctest */ = {isa = PBXFileReference; explicitFileType = wrapper.cfbundle; includeInIndex = 0; path = dantangUITests.xctest; sourceTree = BUILT_PRODUCTS_DIR; };
		6034648D1E9622A2002025AB /* dantangUITests.swift */ = {isa = PBXFileReference; lastKnownFileType = sourcecode.swift; path = dantangUITests.swift; sourceTree = "<group>"; };
		6034648F1E9622A2002025AB /* Info.plist */ = {isa = PBXFileReference; lastKnownFileType = text.plist.xml; path = Info.plist; sourceTree = "<group>"; };
		603940C71E9C68BE0089AB46 /* SwiftMonkey.xcodeproj */ = {isa = PBXFileReference; lastKnownFileType = "wrapper.pb-project"; name = SwiftMonkey.xcodeproj; path = SwiftMonkey/SwiftMonkey.xcodeproj; sourceTree = "<group>"; };
		603A6C301E8D1370003D8D81 /* DZNEmptyDataSetViewController.h */ = {isa = PBXFileReference; fileEncoding = 4; lastKnownFileType = sourcecode.c.h; path = DZNEmptyDataSetViewController.h; sourceTree = "<group>"; };
		603A6C311E8D1370003D8D81 /* DZNEmptyDataSetViewController.m */ = {isa = PBXFileReference; fileEncoding = 4; lastKnownFileType = sourcecode.c.objc; path = DZNEmptyDataSetViewController.m; sourceTree = "<group>"; };
		603D6A681D9B61BE0034387B /* DantangDetailViewController.swift */ = {isa = PBXFileReference; fileEncoding = 4; lastKnownFileType = sourcecode.swift; path = DantangDetailViewController.swift; sourceTree = "<group>"; };
		603D6A6A1D9B63760034387B /* MyWebView.swift */ = {isa = PBXFileReference; fileEncoding = 4; lastKnownFileType = sourcecode.swift; path = MyWebView.swift; sourceTree = "<group>"; };
		6041A7F61D868761008ACDCF /* YZMeViewController.swift */ = {isa = PBXFileReference; fileEncoding = 4; lastKnownFileType = sourcecode.swift; path = YZMeViewController.swift; sourceTree = "<group>"; };
		6041A7F81D868778008ACDCF /* YZCategoryViewController.swift */ = {isa = PBXFileReference; fileEncoding = 4; lastKnownFileType = sourcecode.swift; path = YZCategoryViewController.swift; sourceTree = "<group>"; };
		6041A7FA1D86878C008ACDCF /* YZProductViewController.swift */ = {isa = PBXFileReference; fileEncoding = 4; lastKnownFileType = sourcecode.swift; path = YZProductViewController.swift; sourceTree = "<group>"; };
		6041A7FC1D8687AA008ACDCF /* YZDanTangViewController.swift */ = {isa = PBXFileReference; fileEncoding = 4; lastKnownFileType = sourcecode.swift; path = YZDanTangViewController.swift; sourceTree = "<group>"; };
		6041A7FE1D86895D008ACDCF /* YZNAVViewController.swift */ = {isa = PBXFileReference; fileEncoding = 4; lastKnownFileType = sourcecode.swift; path = YZNAVViewController.swift; sourceTree = "<group>"; };
		6041A8001D869479008ACDCF /* YZConst.swift */ = {isa = PBXFileReference; fileEncoding = 4; lastKnownFileType = sourcecode.swift; path = YZConst.swift; sourceTree = "<group>"; };
		604362A41DB85B640012735C /* YZPDetailViewController.swift */ = {isa = PBXFileReference; fileEncoding = 4; lastKnownFileType = sourcecode.swift; path = YZPDetailViewController.swift; sourceTree = "<group>"; };
		60486E0F1E51609400204142 /* SwiftyJSON.framework */ = {isa = PBXFileReference; lastKnownFileType = wrapper.framework; name = SwiftyJSON.framework; path = "../../../Library/Developer/Xcode/DerivedData/dantang-eohokgepeedoongbscuphlkiaomj/Build/Products/Debug-iphonesimulator/SwiftyJSON/SwiftyJSON.framework"; sourceTree = "<group>"; };
		604A36D31D8E3113007B2FF1 /* Homemodel.swift */ = {isa = PBXFileReference; fileEncoding = 4; lastKnownFileType = sourcecode.swift; path = Homemodel.swift; sourceTree = "<group>"; };
		604E26E61D7D279800997864 /* dantang.app */ = {isa = PBXFileReference; explicitFileType = wrapper.application; includeInIndex = 0; path = dantang.app; sourceTree = BUILT_PRODUCTS_DIR; };
		604E26E91D7D279800997864 /* AppDelegate.swift */ = {isa = PBXFileReference; lastKnownFileType = sourcecode.swift; path = AppDelegate.swift; sourceTree = "<group>"; };
		604E26F01D7D279800997864 /* Assets.xcassets */ = {isa = PBXFileReference; lastKnownFileType = folder.assetcatalog; path = Assets.xcassets; sourceTree = "<group>"; };
		604E26F51D7D279800997864 /* Info.plist */ = {isa = PBXFileReference; lastKnownFileType = text.plist.xml; path = Info.plist; sourceTree = "<group>"; };
		604E26FD1D7D281600997864 /* Default-568h@2x.png */ = {isa = PBXFileReference; lastKnownFileType = image.png; path = "Default-568h@2x.png"; sourceTree = "<group>"; };
		604E26FE1D7D281600997864 /* Default-667h@2x.png */ = {isa = PBXFileReference; lastKnownFileType = image.png; path = "Default-667h@2x.png"; sourceTree = "<group>"; };
		604E26FF1D7D281600997864 /* Default-736h@3x.png */ = {isa = PBXFileReference; lastKnownFileType = image.png; path = "Default-736h@3x.png"; sourceTree = "<group>"; };
		604E27981D7D2D5400997864 /* YZTabbarViewController.swift */ = {isa = PBXFileReference; fileEncoding = 4; lastKnownFileType = sourcecode.swift; path = YZTabbarViewController.swift; sourceTree = "<group>"; };
		60589D901D93778C000C1813 /* Homeinnermodel.swift */ = {isa = PBXFileReference; fileEncoding = 4; lastKnownFileType = sourcecode.swift; path = Homeinnermodel.swift; sourceTree = "<group>"; };
		605ABE4B1DB8A72D00B01A11 /* giftScollview.swift */ = {isa = PBXFileReference; fileEncoding = 4; lastKnownFileType = sourcecode.swift; path = giftScollview.swift; sourceTree = "<group>"; };
		606095BB1E8A0A720015D0F1 /* dantang-Bridging-Header.h */ = {isa = PBXFileReference; lastKnownFileType = sourcecode.c.h; path = "dantang-Bridging-Header.h"; sourceTree = "<group>"; };
		606095BC1E8A0A720015D0F1 /* FSCalendarViewController.h */ = {isa = PBXFileReference; fileEncoding = 4; lastKnownFileType = sourcecode.c.h; path = FSCalendarViewController.h; sourceTree = "<group>"; };
		606095BD1E8A0A720015D0F1 /* FSCalendarViewController.m */ = {isa = PBXFileReference; fileEncoding = 4; lastKnownFileType = sourcecode.c.objc; path = FSCalendarViewController.m; sourceTree = "<group>"; };
		606095BF1E8A0F3C0015D0F1 /* chineseCalendarViewController.h */ = {isa = PBXFileReference; fileEncoding = 4; lastKnownFileType = sourcecode.c.h; path = chineseCalendarViewController.h; sourceTree = "<group>"; };
		606095C01E8A0F3C0015D0F1 /* chineseCalendarViewController.m */ = {isa = PBXFileReference; fileEncoding = 4; lastKnownFileType = sourcecode.c.objc; path = chineseCalendarViewController.m; sourceTree = "<group>"; };
		6071E2B81DBEF62500834C73 /* myheadView.swift */ = {isa = PBXFileReference; fileEncoding = 4; lastKnownFileType = sourcecode.swift; path = myheadView.swift; sourceTree = "<group>"; };
		6092BA441D94D48800CC6F38 /* HomeViewCell.swift */ = {isa = PBXFileReference; fileEncoding = 4; lastKnownFileType = sourcecode.swift; path = HomeViewCell.swift; sourceTree = "<group>"; };
		60C736121DB5F8270011DB71 /* giftModel.swift */ = {isa = PBXFileReference; fileEncoding = 4; lastKnownFileType = sourcecode.swift; path = giftModel.swift; sourceTree = "<group>"; };
		60C736141DB5F8830011DB71 /* giftInnerModel.swift */ = {isa = PBXFileReference; fileEncoding = 4; lastKnownFileType = sourcecode.swift; path = giftInnerModel.swift; sourceTree = "<group>"; };
		60EF62E41DC4D52600E25472 /* pOwView.swift */ = {isa = PBXFileReference; fileEncoding = 4; lastKnownFileType = sourcecode.swift; path = pOwView.swift; sourceTree = "<group>"; };
		60FD56BC1DB74E36002515D8 /* giftTableViewCell.swift */ = {isa = PBXFileReference; fileEncoding = 4; lastKnownFileType = sourcecode.swift; path = giftTableViewCell.swift; sourceTree = "<group>"; };
		60FD56BE1DB74ED1002515D8 /* giftCellinnerView.swift */ = {isa = PBXFileReference; fileEncoding = 4; lastKnownFileType = sourcecode.swift; path = giftCellinnerView.swift; sourceTree = "<group>"; };
		64303146573BBEB66A6B1140 /* Pods-dantang.debug.xcconfig */ = {isa = PBXFileReference; includeInIndex = 1; lastKnownFileType = text.xcconfig; name = "Pods-dantang.debug.xcconfig"; path = "Pods/Target Support Files/Pods-dantang/Pods-dantang.debug.xcconfig"; sourceTree = "<group>"; };
		802807CD8D981360A8130551 /* Pods_dantang.framework */ = {isa = PBXFileReference; explicitFileType = wrapper.framework; includeInIndex = 0; path = Pods_dantang.framework; sourceTree = BUILT_PRODUCTS_DIR; };
/* End PBXFileReference section */

/* Begin PBXFrameworksBuildPhase section */
		603464881E9622A2002025AB /* Frameworks */ = {
			isa = PBXFrameworksBuildPhase;
			buildActionMask = 2147483647;
			files = (
			);
			runOnlyForDeploymentPostprocessing = 0;
		};
		604E26E31D7D279800997864 /* Frameworks */ = {
			isa = PBXFrameworksBuildPhase;
			buildActionMask = 2147483647;
			files = (
				60486E101E51609400204142 /* SwiftyJSON.framework in Frameworks */,
				0C24837F6F744505EAB7C9D3 /* Pods_dantang.framework in Frameworks */,
			);
			runOnlyForDeploymentPostprocessing = 0;
		};
/* End PBXFrameworksBuildPhase section */

/* Begin PBXGroup section */
		1F035194EF1179120DC0F421 /* Frameworks */ = {
			isa = PBXGroup;
			children = (
				60486E0F1E51609400204142 /* SwiftyJSON.framework */,
				802807CD8D981360A8130551 /* Pods_dantang.framework */,
			);
			name = Frameworks;
			sourceTree = "<group>";
		};
		5D5E792FD54E01488F724B52 /* Pods */ = {
			isa = PBXGroup;
			children = (
				64303146573BBEB66A6B1140 /* Pods-dantang.debug.xcconfig */,
				0E926326B0EF69E7841E8871 /* Pods-dantang.release.xcconfig */,
			);
			name = Pods;
			sourceTree = "<group>";
		};
		6034648C1E9622A2002025AB /* dantangUITests */ = {
			isa = PBXGroup;
			children = (
				6034648D1E9622A2002025AB /* dantangUITests.swift */,
				6034648F1E9622A2002025AB /* Info.plist */,
			);
			path = dantangUITests;
			sourceTree = "<group>";
		};
		603940C81E9C68BE0089AB46 /* Products */ = {
			isa = PBXGroup;
			children = (
				603940CC1E9C68BE0089AB46 /* SwiftMonkey.framework */,
			);
			name = Products;
			sourceTree = "<group>";
		};
		603A6C2F1E8D1355003D8D81 /* DZNEmptyDataSet */ = {
			isa = PBXGroup;
			children = (
				603A6C301E8D1370003D8D81 /* DZNEmptyDataSetViewController.h */,
				603A6C311E8D1370003D8D81 /* DZNEmptyDataSetViewController.m */,
			);
			name = DZNEmptyDataSet;
			sourceTree = "<group>";
		};
		604A36D21D8E30FB007B2FF1 /* M */ = {
			isa = PBXGroup;
			children = (
				604A36D31D8E3113007B2FF1 /* Homemodel.swift */,
				60589D901D93778C000C1813 /* Homeinnermodel.swift */,
			);
			name = M;
			sourceTree = "<group>";
		};
		604E26DD1D7D279800997864 = {
			isa = PBXGroup;
			children = (
				603940C71E9C68BE0089AB46 /* SwiftMonkey.xcodeproj */,
				604E26E81D7D279800997864 /* dantang */,
				6034648C1E9622A2002025AB /* dantangUITests */,
				604E26E71D7D279800997864 /* Products */,
				5D5E792FD54E01488F724B52 /* Pods */,
				1F035194EF1179120DC0F421 /* Frameworks */,
			);
			sourceTree = "<group>";
		};
		604E26E71D7D279800997864 /* Products */ = {
			isa = PBXGroup;
			children = (
				604E26E61D7D279800997864 /* dantang.app */,
				6034648B1E9622A2002025AB /* dantangUITests.xctest */,
			);
			name = Products;
			sourceTree = "<group>";
		};
		604E26E81D7D279800997864 /* dantang */ = {
			isa = PBXGroup;
			children = (
				604E27971D7D2C2500997864 /* main */,
				604E27071D7D2ACE00997864 /* other */,
				604E27061D7D2AAC00997864 /* 我(me) */,
				604E27051D7D2A8C00997864 /* 三方库练习使用 */,
				604E27041D7D2A3F00997864 /* 单品(gift) */,
				604E27031D7D2A3400997864 /* 单糖(home) */,
				604E26F01D7D279800997864 /* Assets.xcassets */,
			);
			path = dantang;
			sourceTree = "<group>";
		};
		604E27031D7D2A3400997864 /* 单糖(home) */ = {
			isa = PBXGroup;
			children = (
				6092BA431D94D44C00CC6F38 /* V */,
				6092BA421D94D44300CC6F38 /* C */,
				604A36D21D8E30FB007B2FF1 /* M */,
			);
			name = "单糖(home)";
			sourceTree = "<group>";
		};
		604E27041D7D2A3F00997864 /* 单品(gift) */ = {
			isa = PBXGroup;
			children = (
				60C736111DB5F71D0011DB71 /* V */,
				60C736101DB5F7110011DB71 /* M */,
				60C7360F1DB5F7050011DB71 /* VC */,
			);
			name = "单品(gift)";
			sourceTree = "<group>";
		};
		604E27051D7D2A8C00997864 /* 三方库练习使用 */ = {
			isa = PBXGroup;
			children = (
				6041A7F81D868778008ACDCF /* YZCategoryViewController.swift */,
				606095BB1E8A0A720015D0F1 /* dantang-Bridging-Header.h */,
				603A6C2F1E8D1355003D8D81 /* DZNEmptyDataSet */,
				606095B81E8A09FE0015D0F1 /* FSCalendar */,
			);
			name = "三方库练习使用";
			sourceTree = "<group>";
		};
		604E27061D7D2AAC00997864 /* 我(me) */ = {
			isa = PBXGroup;
			children = (
				6071E2B71DBEF5F400834C73 /* C */,
				6071E2B61DBEF5EB00834C73 /* M */,
				6071E2B51DBEF5DF00834C73 /* V */,
			);
			name = "我(me)";
			sourceTree = "<group>";
		};
		604E27071D7D2ACE00997864 /* other */ = {
			isa = PBXGroup;
			children = (
				604E26FD1D7D281600997864 /* Default-568h@2x.png */,
				604E26FE1D7D281600997864 /* Default-667h@2x.png */,
				604E26FF1D7D281600997864 /* Default-736h@3x.png */,
				604E26F51D7D279800997864 /* Info.plist */,
			);
			name = other;
			sourceTree = "<group>";
		};
		604E27971D7D2C2500997864 /* main */ = {
			isa = PBXGroup;
			children = (
				603D6A6A1D9B63760034387B /* MyWebView.swift */,
				604E27981D7D2D5400997864 /* YZTabbarViewController.swift */,
				6041A7FE1D86895D008ACDCF /* YZNAVViewController.swift */,
				6041A8001D869479008ACDCF /* YZConst.swift */,
				604E26E91D7D279800997864 /* AppDelegate.swift */,
			);
			name = main;
			sourceTree = "<group>";
		};
		606095B81E8A09FE0015D0F1 /* FSCalendar */ = {
			isa = PBXGroup;
			children = (
				606095BC1E8A0A720015D0F1 /* FSCalendarViewController.h */,
				606095BD1E8A0A720015D0F1 /* FSCalendarViewController.m */,
				606095BF1E8A0F3C0015D0F1 /* chineseCalendarViewController.h */,
				606095C01E8A0F3C0015D0F1 /* chineseCalendarViewController.m */,
			);
			name = FSCalendar;
			sourceTree = "<group>";
		};
		6071E2B51DBEF5DF00834C73 /* V */ = {
			isa = PBXGroup;
			children = (
				6071E2B81DBEF62500834C73 /* myheadView.swift */,
			);
			name = V;
			sourceTree = "<group>";
		};
		6071E2B61DBEF5EB00834C73 /* M */ = {
			isa = PBXGroup;
			children = (
			);
			name = M;
			sourceTree = "<group>";
		};
		6071E2B71DBEF5F400834C73 /* C */ = {
			isa = PBXGroup;
			children = (
				6041A7F61D868761008ACDCF /* YZMeViewController.swift */,
			);
			name = C;
			sourceTree = "<group>";
		};
		6092BA421D94D44300CC6F38 /* C */ = {
			isa = PBXGroup;
			children = (
				6041A7FC1D8687AA008ACDCF /* YZDanTangViewController.swift */,
				603D6A681D9B61BE0034387B /* DantangDetailViewController.swift */,
			);
			name = C;
			sourceTree = "<group>";
		};
		6092BA431D94D44C00CC6F38 /* V */ = {
			isa = PBXGroup;
			children = (
				6092BA441D94D48800CC6F38 /* HomeViewCell.swift */,
			);
			name = V;
			sourceTree = "<group>";
		};
		60C7360F1DB5F7050011DB71 /* VC */ = {
			isa = PBXGroup;
			children = (
				6041A7FA1D86878C008ACDCF /* YZProductViewController.swift */,
				604362A41DB85B640012735C /* YZPDetailViewController.swift */,
			);
			name = VC;
			sourceTree = "<group>";
		};
		60C736101DB5F7110011DB71 /* M */ = {
			isa = PBXGroup;
			children = (
				60C736121DB5F8270011DB71 /* giftModel.swift */,
				60C736141DB5F8830011DB71 /* giftInnerModel.swift */,
			);
			name = M;
			sourceTree = "<group>";
		};
		60C736111DB5F71D0011DB71 /* V */ = {
			isa = PBXGroup;
			children = (
				60FD56BC1DB74E36002515D8 /* giftTableViewCell.swift */,
				60FD56BE1DB74ED1002515D8 /* giftCellinnerView.swift */,
				605ABE4B1DB8A72D00B01A11 /* giftScollview.swift */,
				60EF62E41DC4D52600E25472 /* pOwView.swift */,
			);
			name = V;
			sourceTree = "<group>";
		};
/* End PBXGroup section */

/* Begin PBXNativeTarget section */
		6034648A1E9622A2002025AB /* dantangUITests */ = {
			isa = PBXNativeTarget;
			buildConfigurationList = 603464921E9622A2002025AB /* Build configuration list for PBXNativeTarget "dantangUITests" */;
			buildPhases = (
				603464871E9622A2002025AB /* Sources */,
				603464881E9622A2002025AB /* Frameworks */,
				603464891E9622A2002025AB /* Resources */,
				603464971E9622D4002025AB /* CopyFiles */,
			);
			buildRules = (
			);
			dependencies = (
				603464911E9622A2002025AB /* PBXTargetDependency */,
			);
			name = dantangUITests;
			productName = dantangUITests;
			productReference = 6034648B1E9622A2002025AB /* dantangUITests.xctest */;
			productType = "com.apple.product-type.bundle.ui-testing";
		};
		604E26E51D7D279800997864 /* dantang */ = {
			isa = PBXNativeTarget;
			buildConfigurationList = 604E26F81D7D279800997864 /* Build configuration list for PBXNativeTarget "dantang" */;
			buildPhases = (
				1856B6134DD7FEC6B657E726 /* [CP] Check Pods Manifest.lock */,
				604E26E21D7D279800997864 /* Sources */,
				604E26E31D7D279800997864 /* Frameworks */,
				604E26E41D7D279800997864 /* Resources */,
				47C1F39CEAF7F75C2FFAF4DB /* [CP] Embed Pods Frameworks */,
				8C50992D14927BBFD4E838C3 /* [CP] Copy Pods Resources */,
			);
			buildRules = (
			);
			dependencies = (
			);
			name = dantang;
			productName = dantang;
			productReference = 604E26E61D7D279800997864 /* dantang.app */;
			productType = "com.apple.product-type.application";
		};
/* End PBXNativeTarget section */

/* Begin PBXProject section */
		604E26DE1D7D279800997864 /* Project object */ = {
			isa = PBXProject;
			attributes = {
				LastSwiftUpdateCheck = 0820;
				LastUpgradeCheck = 0820;
				ORGANIZATIONNAME = HYZ;
				TargetAttributes = {
					6034648A1E9622A2002025AB = {
						CreatedOnToolsVersion = 8.2.1;
						ProvisioningStyle = Automatic;
						TestTargetID = 604E26E51D7D279800997864;
					};
					604E26E51D7D279800997864 = {
						CreatedOnToolsVersion = 7.3.1;
						LastSwiftMigration = 0820;
					};
				};
			};
			buildConfigurationList = 604E26E11D7D279800997864 /* Build configuration list for PBXProject "dantang" */;
			compatibilityVersion = "Xcode 3.2";
			developmentRegion = English;
			hasScannedForEncodings = 0;
			knownRegions = (
				en,
				Base,
			);
			mainGroup = 604E26DD1D7D279800997864;
			productRefGroup = 604E26E71D7D279800997864 /* Products */;
			projectDirPath = "";
			projectReferences = (
				{
					ProductGroup = 603940C81E9C68BE0089AB46 /* Products */;
					ProjectRef = 603940C71E9C68BE0089AB46 /* SwiftMonkey.xcodeproj */;
				},
			);
			projectRoot = "";
			targets = (
				604E26E51D7D279800997864 /* dantang */,
				6034648A1E9622A2002025AB /* dantangUITests */,
			);
		};
/* End PBXProject section */

/* Begin PBXReferenceProxy section */
		603940CC1E9C68BE0089AB46 /* SwiftMonkey.framework */ = {
			isa = PBXReferenceProxy;
			fileType = wrapper.framework;
			path = SwiftMonkey.framework;
			remoteRef = 603940CB1E9C68BE0089AB46 /* PBXContainerItemProxy */;
			sourceTree = BUILT_PRODUCTS_DIR;
		};
/* End PBXReferenceProxy section */

/* Begin PBXResourcesBuildPhase section */
		603464891E9622A2002025AB /* Resources */ = {
			isa = PBXResourcesBuildPhase;
			buildActionMask = 2147483647;
			files = (
			);
			runOnlyForDeploymentPostprocessing = 0;
		};
		604E26E41D7D279800997864 /* Resources */ = {
			isa = PBXResourcesBuildPhase;
			buildActionMask = 2147483647;
			files = (
				604E26F11D7D279800997864 /* Assets.xcassets in Resources */,
				604E27011D7D281600997864 /* Default-667h@2x.png in Resources */,
				604E27001D7D281600997864 /* Default-568h@2x.png in Resources */,
				604E27021D7D281600997864 /* Default-736h@3x.png in Resources */,
			);
			runOnlyForDeploymentPostprocessing = 0;
		};
/* End PBXResourcesBuildPhase section */

/* Begin PBXShellScriptBuildPhase section */
		1856B6134DD7FEC6B657E726 /* [CP] Check Pods Manifest.lock */ = {
			isa = PBXShellScriptBuildPhase;
			buildActionMask = 2147483647;
			files = (
			);
			inputPaths = (
			);
			name = "[CP] Check Pods Manifest.lock";
			outputPaths = (
			);
			runOnlyForDeploymentPostprocessing = 0;
			shellPath = /bin/sh;
			shellScript = "diff \"${PODS_ROOT}/../Podfile.lock\" \"${PODS_ROOT}/Manifest.lock\" > /dev/null\nif [ $? != 0 ] ; then\n    # print error to STDERR\n    echo \"error: The sandbox is not in sync with the Podfile.lock. Run 'pod install' or update your CocoaPods installation.\" >&2\n    exit 1\nfi\n";
			showEnvVarsInLog = 0;
		};
		47C1F39CEAF7F75C2FFAF4DB /* [CP] Embed Pods Frameworks */ = {
			isa = PBXShellScriptBuildPhase;
			buildActionMask = 2147483647;
			files = (
			);
			inputPaths = (
			);
			name = "[CP] Embed Pods Frameworks";
			outputPaths = (
			);
			runOnlyForDeploymentPostprocessing = 0;
			shellPath = /bin/sh;
			shellScript = "\"${SRCROOT}/Pods/Target Support Files/Pods-dantang/Pods-dantang-frameworks.sh\"\n";
			showEnvVarsInLog = 0;
		};
		8C50992D14927BBFD4E838C3 /* [CP] Copy Pods Resources */ = {
			isa = PBXShellScriptBuildPhase;
			buildActionMask = 2147483647;
			files = (
			);
			inputPaths = (
			);
			name = "[CP] Copy Pods Resources";
			outputPaths = (
			);
			runOnlyForDeploymentPostprocessing = 0;
			shellPath = /bin/sh;
			shellScript = "\"${SRCROOT}/Pods/Target Support Files/Pods-dantang/Pods-dantang-resources.sh\"\n";
			showEnvVarsInLog = 0;
		};
/* End PBXShellScriptBuildPhase section */

/* Begin PBXSourcesBuildPhase section */
		603464871E9622A2002025AB /* Sources */ = {
			isa = PBXSourcesBuildPhase;
			buildActionMask = 2147483647;
			files = (
				6034648E1E9622A2002025AB /* dantangUITests.swift in Sources */,
			);
			runOnlyForDeploymentPostprocessing = 0;
		};
		604E26E21D7D279800997864 /* Sources */ = {
			isa = PBXSourcesBuildPhase;
			buildActionMask = 2147483647;
			files = (
				604A36D41D8E3113007B2FF1 /* Homemodel.swift in Sources */,
				60C736131DB5F8270011DB71 /* giftModel.swift in Sources */,
				603A6C321E8D1370003D8D81 /* DZNEmptyDataSetViewController.m in Sources */,
				606095C11E8A0F3C0015D0F1 /* chineseCalendarViewController.m in Sources */,
				60589D911D93778C000C1813 /* Homeinnermodel.swift in Sources */,
				604362A51DB85B640012735C /* YZPDetailViewController.swift in Sources */,
				6041A7FB1D86878C008ACDCF /* YZProductViewController.swift in Sources */,
				6041A8011D869479008ACDCF /* YZConst.swift in Sources */,
				6092BA451D94D48800CC6F38 /* HomeViewCell.swift in Sources */,
				603D6A691D9B61BE0034387B /* DantangDetailViewController.swift in Sources */,
				6041A7FD1D8687AA008ACDCF /* YZDanTangViewController.swift in Sources */,
				604E27991D7D2D5400997864 /* YZTabbarViewController.swift in Sources */,
				6041A7F91D868778008ACDCF /* YZCategoryViewController.swift in Sources */,
				6041A7F71D868761008ACDCF /* YZMeViewController.swift in Sources */,
				60FD56BF1DB74ED1002515D8 /* giftCellinnerView.swift in Sources */,
				603D6A6B1D9B63760034387B /* MyWebView.swift in Sources */,
				6071E2B91DBEF62500834C73 /* myheadView.swift in Sources */,
				606095BE1E8A0A720015D0F1 /* FSCalendarViewController.m in Sources */,
				60EF62E51DC4D52600E25472 /* pOwView.swift in Sources */,
				604E26EA1D7D279800997864 /* AppDelegate.swift in Sources */,
				60C736151DB5F8830011DB71 /* giftInnerModel.swift in Sources */,
				605ABE4C1DB8A72D00B01A11 /* giftScollview.swift in Sources */,
				6041A7FF1D86895D008ACDCF /* YZNAVViewController.swift in Sources */,
				60FD56BD1DB74E36002515D8 /* giftTableViewCell.swift in Sources */,
			);
			runOnlyForDeploymentPostprocessing = 0;
		};
/* End PBXSourcesBuildPhase section */

/* Begin PBXTargetDependency section */
		603464911E9622A2002025AB /* PBXTargetDependency */ = {
			isa = PBXTargetDependency;
			target = 604E26E51D7D279800997864 /* dantang */;
			targetProxy = 603464901E9622A2002025AB /* PBXContainerItemProxy */;
		};
/* End PBXTargetDependency section */

/* Begin XCBuildConfiguration section */
		603464931E9622A2002025AB /* Debug */ = {
			isa = XCBuildConfiguration;
			buildSettings = {
				CLANG_WARN_DOCUMENTATION_COMMENTS = YES;
				INFOPLIST_FILE = dantangUITests/Info.plist;
				IPHONEOS_DEPLOYMENT_TARGET = 10.2;
				LD_RUNPATH_SEARCH_PATHS = "$(inherited) @executable_path/Frameworks @loader_path/Frameworks";
				PRODUCT_BUNDLE_IDENTIFIER = com.calayer.dantangUITests;
				PRODUCT_NAME = "$(TARGET_NAME)";
				SWIFT_ACTIVE_COMPILATION_CONDITIONS = DEBUG;
				SWIFT_VERSION = 3.0;
				TEST_TARGET_NAME = dantang;
			};
			name = Debug;
		};
		603464941E9622A2002025AB /* Release */ = {
			isa = XCBuildConfiguration;
			buildSettings = {
				CLANG_WARN_DOCUMENTATION_COMMENTS = YES;
				INFOPLIST_FILE = dantangUITests/Info.plist;
				IPHONEOS_DEPLOYMENT_TARGET = 10.2;
				LD_RUNPATH_SEARCH_PATHS = "$(inherited) @executable_path/Frameworks @loader_path/Frameworks";
				PRODUCT_BUNDLE_IDENTIFIER = com.calayer.dantangUITests;
				PRODUCT_NAME = "$(TARGET_NAME)";
				SWIFT_VERSION = 3.0;
				TEST_TARGET_NAME = dantang;
			};
			name = Release;
		};
		604E26F61D7D279800997864 /* Debug */ = {
			isa = XCBuildConfiguration;
			buildSettings = {
				ALWAYS_SEARCH_USER_PATHS = NO;
				CLANG_ANALYZER_NONNULL = YES;
				CLANG_CXX_LANGUAGE_STANDARD = "gnu++0x";
				CLANG_CXX_LIBRARY = "libc++";
				CLANG_ENABLE_MODULES = YES;
				CLANG_ENABLE_OBJC_ARC = YES;
				CLANG_WARN_BOOL_CONVERSION = YES;
				CLANG_WARN_CONSTANT_CONVERSION = YES;
				CLANG_WARN_DIRECT_OBJC_ISA_USAGE = YES_ERROR;
				CLANG_WARN_EMPTY_BODY = YES;
				CLANG_WARN_ENUM_CONVERSION = YES;
				CLANG_WARN_INFINITE_RECURSION = YES;
				CLANG_WARN_INT_CONVERSION = YES;
				CLANG_WARN_OBJC_ROOT_CLASS = YES_ERROR;
				CLANG_WARN_SUSPICIOUS_MOVE = YES;
				CLANG_WARN_UNREACHABLE_CODE = YES;
				CLANG_WARN__DUPLICATE_METHOD_MATCH = YES;
				"CODE_SIGN_IDENTITY[sdk=iphoneos*]" = "iPhone Developer";
				COPY_PHASE_STRIP = NO;
				DEBUG_INFORMATION_FORMAT = dwarf;
				ENABLE_STRICT_OBJC_MSGSEND = YES;
				ENABLE_TESTABILITY = YES;
				GCC_C_LANGUAGE_STANDARD = gnu99;
				GCC_DYNAMIC_NO_PIC = NO;
				GCC_NO_COMMON_BLOCKS = YES;
				GCC_OPTIMIZATION_LEVEL = 0;
				GCC_PREPROCESSOR_DEFINITIONS = (
					"DEBUG=1",
					"$(inherited)",
				);
				GCC_WARN_64_TO_32_BIT_CONVERSION = YES;
				GCC_WARN_ABOUT_RETURN_TYPE = YES_ERROR;
				GCC_WARN_UNDECLARED_SELECTOR = YES;
				GCC_WARN_UNINITIALIZED_AUTOS = YES_AGGRESSIVE;
				GCC_WARN_UNUSED_FUNCTION = YES;
				GCC_WARN_UNUSED_VARIABLE = YES;
				IPHONEOS_DEPLOYMENT_TARGET = 9.0;
				MTL_ENABLE_DEBUG_INFO = YES;
				ONLY_ACTIVE_ARCH = YES;
				SDKROOT = iphoneos;
				SWIFT_OPTIMIZATION_LEVEL = "-Onone";
				TARGETED_DEVICE_FAMILY = "1,2";
			};
			name = Debug;
		};
		604E26F71D7D279800997864 /* Release */ = {
			isa = XCBuildConfiguration;
			buildSettings = {
				ALWAYS_SEARCH_USER_PATHS = NO;
				CLANG_ANALYZER_NONNULL = YES;
				CLANG_CXX_LANGUAGE_STANDARD = "gnu++0x";
				CLANG_CXX_LIBRARY = "libc++";
				CLANG_ENABLE_MODULES = YES;
				CLANG_ENABLE_OBJC_ARC = YES;
				CLANG_WARN_BOOL_CONVERSION = YES;
				CLANG_WARN_CONSTANT_CONVERSION = YES;
				CLANG_WARN_DIRECT_OBJC_ISA_USAGE = YES_ERROR;
				CLANG_WARN_EMPTY_BODY = YES;
				CLANG_WARN_ENUM_CONVERSION = YES;
				CLANG_WARN_INFINITE_RECURSION = YES;
				CLANG_WARN_INT_CONVERSION = YES;
				CLANG_WARN_OBJC_ROOT_CLASS = YES_ERROR;
				CLANG_WARN_SUSPICIOUS_MOVE = YES;
				CLANG_WARN_UNREACHABLE_CODE = YES;
				CLANG_WARN__DUPLICATE_METHOD_MATCH = YES;
				"CODE_SIGN_IDENTITY[sdk=iphoneos*]" = "iPhone Developer";
				COPY_PHASE_STRIP = NO;
				DEBUG_INFORMATION_FORMAT = "dwarf-with-dsym";
				ENABLE_NS_ASSERTIONS = NO;
				ENABLE_STRICT_OBJC_MSGSEND = YES;
				GCC_C_LANGUAGE_STANDARD = gnu99;
				GCC_NO_COMMON_BLOCKS = YES;
				GCC_WARN_64_TO_32_BIT_CONVERSION = YES;
				GCC_WARN_ABOUT_RETURN_TYPE = YES_ERROR;
				GCC_WARN_UNDECLARED_SELECTOR = YES;
				GCC_WARN_UNINITIALIZED_AUTOS = YES_AGGRESSIVE;
				GCC_WARN_UNUSED_FUNCTION = YES;
				GCC_WARN_UNUSED_VARIABLE = YES;
				IPHONEOS_DEPLOYMENT_TARGET = 9.0;
				MTL_ENABLE_DEBUG_INFO = NO;
				SDKROOT = iphoneos;
				SWIFT_OPTIMIZATION_LEVEL = "-Owholemodule";
				TARGETED_DEVICE_FAMILY = "1,2";
				VALIDATE_PRODUCT = YES;
			};
			name = Release;
		};
		604E26F91D7D279800997864 /* Debug */ = {
			isa = XCBuildConfiguration;
			baseConfigurationReference = 64303146573BBEB66A6B1140 /* Pods-dantang.debug.xcconfig */;
			buildSettings = {
				ALWAYS_EMBED_SWIFT_STANDARD_LIBRARIES = YES;
				ASSETCATALOG_COMPILER_APPICON_NAME = AppIcon;
				CLANG_ENABLE_MODULES = YES;
				INFOPLIST_FILE = dantang/Info.plist;
				IPHONEOS_DEPLOYMENT_TARGET = 9.0;
				LD_RUNPATH_SEARCH_PATHS = "$(inherited) @executable_path/Frameworks";
				PRODUCT_BUNDLE_IDENTIFIER = com.calayer.dantang;
				PRODUCT_NAME = "$(TARGET_NAME)";
				SWIFT_OBJC_BRIDGING_HEADER = "dantang/dantang-Bridging-Header.h";
				SWIFT_OPTIMIZATION_LEVEL = "-Onone";
				SWIFT_VERSION = 3.0;
			};
			name = Debug;
		};
		604E26FA1D7D279800997864 /* Release */ = {
			isa = XCBuildConfiguration;
			baseConfigurationReference = 0E926326B0EF69E7841E8871 /* Pods-dantang.release.xcconfig */;
			buildSettings = {
				ALWAYS_EMBED_SWIFT_STANDARD_LIBRARIES = YES;
				ASSETCATALOG_COMPILER_APPICON_NAME = AppIcon;
				CLANG_ENABLE_MODULES = YES;
				INFOPLIST_FILE = dantang/Info.plist;
				IPHONEOS_DEPLOYMENT_TARGET = 9.0;
				LD_RUNPATH_SEARCH_PATHS = "$(inherited) @executable_path/Frameworks";
				PRODUCT_BUNDLE_IDENTIFIER = com.calayer.dantang;
				PRODUCT_NAME = "$(TARGET_NAME)";
				SWIFT_OBJC_BRIDGING_HEADER = "dantang/dantang-Bridging-Header.h";
				SWIFT_VERSION = 3.0;
			};
			name = Release;
		};
/* End XCBuildConfiguration section */

/* Begin XCConfigurationList section */
		603464921E9622A2002025AB /* Build configuration list for PBXNativeTarget "dantangUITests" */ = {
			isa = XCConfigurationList;
			buildConfigurations = (
				603464931E9622A2002025AB /* Debug */,
				603464941E9622A2002025AB /* Release */,
			);
			defaultConfigurationIsVisible = 0;
			defaultConfigurationName = Release;
		};
		604E26E11D7D279800997864 /* Build configuration list for PBXProject "dantang" */ = {
			isa = XCConfigurationList;
			buildConfigurations = (
				604E26F61D7D279800997864 /* Debug */,
				604E26F71D7D279800997864 /* Release */,
			);
			defaultConfigurationIsVisible = 0;
			defaultConfigurationName = Release;
		};
		604E26F81D7D279800997864 /* Build configuration list for PBXNativeTarget "dantang" */ = {
			isa = XCConfigurationList;
			buildConfigurations = (
				604E26F91D7D279800997864 /* Debug */,
				604E26FA1D7D279800997864 /* Release */,
			);
			defaultConfigurationIsVisible = 0;
			defaultConfigurationName = Release;
		};
/* End XCConfigurationList section */
	};
	rootObject = 604E26DE1D7D279800997864 /* Project object */;
}
